# This file is automatically @generated by Cargo.
# It is not intended for manual editing.
[[package]]
name = "question-1"
version = "0.1.0"

[[package]]
name = "question-2"
version = "0.1.0"

[[package]]
name = "question-3"
version = "0.1.0"
dependencies = [
 "question_3_lib 0.1.0",
]

[[package]]
name = "question_3_lib"
version = "0.1.0"

